// !$*UTF8*$!
{
	archiveVersion = 1;
	classes = {
	};
	objectVersion = 48;
	objects = {

/* Begin PBXBuildFile section */
		822DEB681F39425900832961 /* MainTabBarController.swift in Sources */ = {isa = PBXBuildFile; fileRef = 822DEB671F39425900832961 /* MainTabBarController.swift */; };
		822DEB6A1F39439C00832961 /* UserProfileController.swift in Sources */ = {isa = PBXBuildFile; fileRef = 822DEB691F39439C00832961 /* UserProfileController.swift */; };
		825E2AE01F3F7955002C043D /* LoginController.swift in Sources */ = {isa = PBXBuildFile; fileRef = 825E2ADF1F3F7955002C043D /* LoginController.swift */; };
		82A494FE1F85DAB6001020BF /* PhotoSelectorController.swift in Sources */ = {isa = PBXBuildFile; fileRef = 82A494FD1F85DAB6001020BF /* PhotoSelectorController.swift */; };
		82B717271F3AC044003FE722 /* UserProfileHeader.swift in Sources */ = {isa = PBXBuildFile; fileRef = 82B717261F3AC044003FE722 /* UserProfileHeader.swift */; };
		82D30E991F32AC8500DCAC7B /* GoogleService-Info.plist in Resources */ = {isa = PBXBuildFile; fileRef = 82D30E981F32AC8500DCAC7B /* GoogleService-Info.plist */; };
		82F76BC41F2D69BF0076EB2D /* AppDelegate.swift in Sources */ = {isa = PBXBuildFile; fileRef = 82F76BC31F2D69BF0076EB2D /* AppDelegate.swift */; };
		82F76BC61F2D69BF0076EB2D /* SignUpController.swift in Sources */ = {isa = PBXBuildFile; fileRef = 82F76BC51F2D69BF0076EB2D /* SignUpController.swift */; };
		82F76BC91F2D69BF0076EB2D /* Main.storyboard in Resources */ = {isa = PBXBuildFile; fileRef = 82F76BC71F2D69BF0076EB2D /* Main.storyboard */; };
		82F76BCB1F2D69BF0076EB2D /* Assets.xcassets in Resources */ = {isa = PBXBuildFile; fileRef = 82F76BCA1F2D69BF0076EB2D /* Assets.xcassets */; };
		82F76BCE1F2D69BF0076EB2D /* LaunchScreen.storyboard in Resources */ = {isa = PBXBuildFile; fileRef = 82F76BCC1F2D69BF0076EB2D /* LaunchScreen.storyboard */; };
		82F76BD71F2D76CF0076EB2D /* Extensions.swift in Sources */ = {isa = PBXBuildFile; fileRef = 82F76BD61F2D76CF0076EB2D /* Extensions.swift */; };
		C6934D3A894B7CB82F76129A /* Pods_FireGram.framework in Frameworks */ = {isa = PBXBuildFile; fileRef = 466849D21C61199EBEA020DC /* Pods_FireGram.framework */; };
/* End PBXBuildFile section */

/* Begin PBXFileReference section */
		0847FC11EC53F47D5EF2B8DD /* Pods-FireGram.release.xcconfig */ = {isa = PBXFileReference; includeInIndex = 1; lastKnownFileType = text.xcconfig; name = "Pods-FireGram.release.xcconfig"; path = "Pods/Target Support Files/Pods-FireGram/Pods-FireGram.release.xcconfig"; sourceTree = "<group>"; };
		466849D21C61199EBEA020DC /* Pods_FireGram.framework */ = {isa = PBXFileReference; explicitFileType = wrapper.framework; includeInIndex = 0; path = Pods_FireGram.framework; sourceTree = BUILT_PRODUCTS_DIR; };
		822DEB671F39425900832961 /* MainTabBarController.swift */ = {isa = PBXFileReference; lastKnownFileType = sourcecode.swift; path = MainTabBarController.swift; sourceTree = "<group>"; };
		822DEB691F39439C00832961 /* UserProfileController.swift */ = {isa = PBXFileReference; lastKnownFileType = sourcecode.swift; path = UserProfileController.swift; sourceTree = "<group>"; };
		825E2ADF1F3F7955002C043D /* LoginController.swift */ = {isa = PBXFileReference; lastKnownFileType = sourcecode.swift; path = LoginController.swift; sourceTree = "<group>"; };
		82A494FD1F85DAB6001020BF /* PhotoSelectorController.swift */ = {isa = PBXFileReference; lastKnownFileType = sourcecode.swift; path = PhotoSelectorController.swift; sourceTree = "<group>"; };
		82B717261F3AC044003FE722 /* UserProfileHeader.swift */ = {isa = PBXFileReference; lastKnownFileType = sourcecode.swift; path = UserProfileHeader.swift; sourceTree = "<group>"; };
		82D30E981F32AC8500DCAC7B /* GoogleService-Info.plist */ = {isa = PBXFileReference; fileEncoding = 4; lastKnownFileType = text.plist.xml; path = "GoogleService-Info.plist"; sourceTree = "<group>"; };
		82F76BC01F2D69BF0076EB2D /* FireGram.app */ = {isa = PBXFileReference; explicitFileType = wrapper.application; includeInIndex = 0; path = FireGram.app; sourceTree = BUILT_PRODUCTS_DIR; };
		82F76BC31F2D69BF0076EB2D /* AppDelegate.swift */ = {isa = PBXFileReference; lastKnownFileType = sourcecode.swift; path = AppDelegate.swift; sourceTree = "<group>"; };
		82F76BC51F2D69BF0076EB2D /* SignUpController.swift */ = {isa = PBXFileReference; lastKnownFileType = sourcecode.swift; path = SignUpController.swift; sourceTree = "<group>"; };
		82F76BC81F2D69BF0076EB2D /* Base */ = {isa = PBXFileReference; lastKnownFileType = file.storyboard; name = Base; path = Base.lproj/Main.storyboard; sourceTree = "<group>"; };
		82F76BCA1F2D69BF0076EB2D /* Assets.xcassets */ = {isa = PBXFileReference; lastKnownFileType = folder.assetcatalog; path = Assets.xcassets; sourceTree = "<group>"; };
		82F76BCD1F2D69BF0076EB2D /* Base */ = {isa = PBXFileReference; lastKnownFileType = file.storyboard; name = Base; path = Base.lproj/LaunchScreen.storyboard; sourceTree = "<group>"; };
		82F76BCF1F2D69BF0076EB2D /* Info.plist */ = {isa = PBXFileReference; lastKnownFileType = text.plist.xml; path = Info.plist; sourceTree = "<group>"; };
		82F76BD61F2D76CF0076EB2D /* Extensions.swift */ = {isa = PBXFileReference; lastKnownFileType = sourcecode.swift; path = Extensions.swift; sourceTree = "<group>"; };
		911934E477DBC210525CAEB5 /* Pods-FireGram.debug.xcconfig */ = {isa = PBXFileReference; includeInIndex = 1; lastKnownFileType = text.xcconfig; name = "Pods-FireGram.debug.xcconfig"; path = "Pods/Target Support Files/Pods-FireGram/Pods-FireGram.debug.xcconfig"; sourceTree = "<group>"; };
/* End PBXFileReference section */

/* Begin PBXFrameworksBuildPhase section */
		82F76BBD1F2D69BF0076EB2D /* Frameworks */ = {
			isa = PBXFrameworksBuildPhase;
			buildActionMask = 2147483647;
			files = (
				C6934D3A894B7CB82F76129A /* Pods_FireGram.framework in Frameworks */,
			);
			runOnlyForDeploymentPostprocessing = 0;
		};
/* End PBXFrameworksBuildPhase section */

/* Begin PBXGroup section */
		400B034989C702F0B9013A9F /* Pods */ = {
			isa = PBXGroup;
			children = (
				911934E477DBC210525CAEB5 /* Pods-FireGram.debug.xcconfig */,
				0847FC11EC53F47D5EF2B8DD /* Pods-FireGram.release.xcconfig */,
			);
			name = Pods;
			sourceTree = "<group>";
		};
		822DEB631F391CA900832961 /* Views */ = {
			isa = PBXGroup;
			children = (
			);
			path = Views;
			sourceTree = "<group>";
		};
		822DEB641F391CB200832961 /* Controllers */ = {
			isa = PBXGroup;
			children = (
				822DEB671F39425900832961 /* MainTabBarController.swift */,
			);
			path = Controllers;
			sourceTree = "<group>";
		};
		822DEB651F391CB700832961 /* Models */ = {
			isa = PBXGroup;
			children = (
			);
			path = Models;
			sourceTree = "<group>";
		};
		822DEB661F391CF000832961 /* Supporting Files */ = {
			isa = PBXGroup;
			children = (
				82F76BCF1F2D69BF0076EB2D /* Info.plist */,
				82F76BC31F2D69BF0076EB2D /* AppDelegate.swift */,
				82F76BCA1F2D69BF0076EB2D /* Assets.xcassets */,
				82F76BCC1F2D69BF0076EB2D /* LaunchScreen.storyboard */,
				82D30E981F32AC8500DCAC7B /* GoogleService-Info.plist */,
			);
			path = "Supporting Files";
			sourceTree = "<group>";
		};
		825E2ADD1F3F78FE002C043D /* UserProfile */ = {
			isa = PBXGroup;
			children = (
				822DEB691F39439C00832961 /* UserProfileController.swift */,
				82B717261F3AC044003FE722 /* UserProfileHeader.swift */,
			);
			path = UserProfile;
			sourceTree = "<group>";
		};
		825E2ADE1F3F792F002C043D /* Login */ = {
			isa = PBXGroup;
			children = (
				825E2ADF1F3F7955002C043D /* LoginController.swift */,
				82F76BC51F2D69BF0076EB2D /* SignUpController.swift */,
			);
			path = Login;
			sourceTree = "<group>";
		};
		82A494FC1F85D9E7001020BF /* AppendPhoto */ = {
			isa = PBXGroup;
			children = (
				82A494FD1F85DAB6001020BF /* PhotoSelectorController.swift */,
			);
			path = AppendPhoto;
			sourceTree = "<group>";
		};
		82F76BB71F2D69BF0076EB2D = {
			isa = PBXGroup;
			children = (
				82F76BC21F2D69BF0076EB2D /* FireGram */,
				82F76BC11F2D69BF0076EB2D /* Products */,
				400B034989C702F0B9013A9F /* Pods */,
				94DAABBDB72EB743A17C3139 /* Frameworks */,
			);
			sourceTree = "<group>";
		};
		82F76BC11F2D69BF0076EB2D /* Products */ = {
			isa = PBXGroup;
			children = (
				82F76BC01F2D69BF0076EB2D /* FireGram.app */,
			);
			name = Products;
			sourceTree = "<group>";
		};
		82F76BC21F2D69BF0076EB2D /* FireGram */ = {
			isa = PBXGroup;
			children = (
				82A494FC1F85D9E7001020BF /* AppendPhoto */,
				825E2ADE1F3F792F002C043D /* Login */,
				825E2ADD1F3F78FE002C043D /* UserProfile */,
				822DEB651F391CB700832961 /* Models */,
				822DEB641F391CB200832961 /* Controllers */,
				822DEB631F391CA900832961 /* Views */,
				82F76BD51F2D76940076EB2D /* Utilities */,
				82F76BC71F2D69BF0076EB2D /* Main.storyboard */,
				822DEB661F391CF000832961 /* Supporting Files */,
			);
			path = FireGram;
			sourceTree = "<group>";
		};
		82F76BD51F2D76940076EB2D /* Utilities */ = {
			isa = PBXGroup;
			children = (
				82F76BD61F2D76CF0076EB2D /* Extensions.swift */,
			);
			path = Utilities;
			sourceTree = "<group>";
		};
		94DAABBDB72EB743A17C3139 /* Frameworks */ = {
			isa = PBXGroup;
			children = (
				466849D21C61199EBEA020DC /* Pods_FireGram.framework */,
			);
			name = Frameworks;
			sourceTree = "<group>";
		};
/* End PBXGroup section */

/* Begin PBXNativeTarget section */
		82F76BBF1F2D69BF0076EB2D /* FireGram */ = {
			isa = PBXNativeTarget;
			buildConfigurationList = 82F76BD21F2D69BF0076EB2D /* Build configuration list for PBXNativeTarget "FireGram" */;
			buildPhases = (
				35818BA1F8A4B78F9C819E5E /* [CP] Check Pods Manifest.lock */,
				82F76BBC1F2D69BF0076EB2D /* Sources */,
				82F76BBD1F2D69BF0076EB2D /* Frameworks */,
				82F76BBE1F2D69BF0076EB2D /* Resources */,
				389D582618F598A6B2C7FDE9 /* [CP] Embed Pods Frameworks */,
				C9BE99A29F5E1FDA4512BE46 /* [CP] Copy Pods Resources */,
			);
			buildRules = (
			);
			dependencies = (
			);
			name = FireGram;
			productName = FireGram;
			productReference = 82F76BC01F2D69BF0076EB2D /* FireGram.app */;
			productType = "com.apple.product-type.application";
		};
/* End PBXNativeTarget section */

/* Begin PBXProject section */
		82F76BB81F2D69BF0076EB2D /* Project object */ = {
			isa = PBXProject;
			attributes = {
				LastSwiftUpdateCheck = 0900;
				LastUpgradeCheck = 0940;
				ORGANIZATIONNAME = "Michael De La Cruz";
				TargetAttributes = {
					82F76BBF1F2D69BF0076EB2D = {
						CreatedOnToolsVersion = 9.0;
					};
				};
			};
			buildConfigurationList = 82F76BBB1F2D69BF0076EB2D /* Build configuration list for PBXProject "FireGram" */;
			compatibilityVersion = "Xcode 8.0";
			developmentRegion = en;
			hasScannedForEncodings = 0;
			knownRegions = (
				en,
				Base,
			);
			mainGroup = 82F76BB71F2D69BF0076EB2D;
			productRefGroup = 82F76BC11F2D69BF0076EB2D /* Products */;
			projectDirPath = "";
			projectRoot = "";
			targets = (
				82F76BBF1F2D69BF0076EB2D /* FireGram */,
			);
		};
/* End PBXProject section */

/* Begin PBXResourcesBuildPhase section */
		82F76BBE1F2D69BF0076EB2D /* Resources */ = {
			isa = PBXResourcesBuildPhase;
			buildActionMask = 2147483647;
			files = (
				82D30E991F32AC8500DCAC7B /* GoogleService-Info.plist in Resources */,
				82F76BCE1F2D69BF0076EB2D /* LaunchScreen.storyboard in Resources */,
				82F76BCB1F2D69BF0076EB2D /* Assets.xcassets in Resources */,
				82F76BC91F2D69BF0076EB2D /* Main.storyboard in Resources */,
			);
			runOnlyForDeploymentPostprocessing = 0;
		};
/* End PBXResourcesBuildPhase section */

/* Begin PBXShellScriptBuildPhase section */
		35818BA1F8A4B78F9C819E5E /* [CP] Check Pods Manifest.lock */ = {
			isa = PBXShellScriptBuildPhase;
			buildActionMask = 2147483647;
			files = (
			);
			inputPaths = (
			);
			name = "[CP] Check Pods Manifest.lock";
			outputPaths = (
			);
			runOnlyForDeploymentPostprocessing = 0;
			shellPath = /bin/sh;
			shellScript = "diff \"${PODS_ROOT}/../Podfile.lock\" \"${PODS_ROOT}/Manifest.lock\" > /dev/null\nif [ $? != 0 ] ; then\n    # print error to STDERR\n    echo \"error: The sandbox is not in sync with the Podfile.lock. Run 'pod install' or update your CocoaPods installation.\" >&2\n    exit 1\nfi\n";
			showEnvVarsInLog = 0;
		};
		389D582618F598A6B2C7FDE9 /* [CP] Embed Pods Frameworks */ = {
			isa = PBXShellScriptBuildPhase;
			buildActionMask = 2147483647;
			files = (
			);
			inputPaths = (
			);
			name = "[CP] Embed Pods Frameworks";
			outputPaths = (
			);
			runOnlyForDeploymentPostprocessing = 0;
			shellPath = /bin/sh;
			shellScript = "\"${SRCROOT}/Pods/Target Support Files/Pods-FireGram/Pods-FireGram-frameworks.sh\"\n";
			showEnvVarsInLog = 0;
		};
		C9BE99A29F5E1FDA4512BE46 /* [CP] Copy Pods Resources */ = {
			isa = PBXShellScriptBuildPhase;
			buildActionMask = 2147483647;
			files = (
			);
			inputPaths = (
			);
			name = "[CP] Copy Pods Resources";
			outputPaths = (
			);
			runOnlyForDeploymentPostprocessing = 0;
			shellPath = /bin/sh;
			shellScript = "\"${SRCROOT}/Pods/Target Support Files/Pods-FireGram/Pods-FireGram-resources.sh\"\n";
			showEnvVarsInLog = 0;
		};
/* End PBXShellScriptBuildPhase section */

/* Begin PBXSourcesBuildPhase section */
		82F76BBC1F2D69BF0076EB2D /* Sources */ = {
			isa = PBXSourcesBuildPhase;
			buildActionMask = 2147483647;
			files = (
				82F76BC61F2D69BF0076EB2D /* SignUpController.swift in Sources */,
				82F76BD71F2D76CF0076EB2D /* Extensions.swift in Sources */,
				822DEB681F39425900832961 /* MainTabBarController.swift in Sources */,
				82B717271F3AC044003FE722 /* UserProfileHeader.swift in Sources */,
				822DEB6A1F39439C00832961 /* UserProfileController.swift in Sources */,
				82F76BC41F2D69BF0076EB2D /* AppDelegate.swift in Sources */,
				825E2AE01F3F7955002C043D /* LoginController.swift in Sources */,
				82A494FE1F85DAB6001020BF /* PhotoSelectorController.swift in Sources */,
			);
			runOnlyForDeploymentPostprocessing = 0;
		};
/* End PBXSourcesBuildPhase section */

/* Begin PBXVariantGroup section */
		82F76BC71F2D69BF0076EB2D /* Main.storyboard */ = {
			isa = PBXVariantGroup;
			children = (
				82F76BC81F2D69BF0076EB2D /* Base */,
			);
			name = Main.storyboard;
			sourceTree = "<group>";
		};
		82F76BCC1F2D69BF0076EB2D /* LaunchScreen.storyboard */ = {
			isa = PBXVariantGroup;
			children = (
				82F76BCD1F2D69BF0076EB2D /* Base */,
			);
			name = LaunchScreen.storyboard;
			sourceTree = "<group>";
		};
/* End PBXVariantGroup section */

/* Begin XCBuildConfiguration section */
		82F76BD01F2D69BF0076EB2D /* Debug */ = {
			isa = XCBuildConfiguration;
			buildSettings = {
				ALWAYS_SEARCH_USER_PATHS = NO;
				CLANG_ANALYZER_NONNULL = YES;
				CLANG_ANALYZER_NUMBER_OBJECT_CONVERSION = YES_AGGRESSIVE;
				CLANG_CXX_LANGUAGE_STANDARD = "gnu++14";
				CLANG_CXX_LIBRARY = "libc++";
				CLANG_ENABLE_MODULES = YES;
				CLANG_ENABLE_OBJC_ARC = YES;
				CLANG_WARN_BLOCK_CAPTURE_AUTORELEASING = YES;
				CLANG_WARN_BOOL_CONVERSION = YES;
				CLANG_WARN_COMMA = YES;
				CLANG_WARN_CONSTANT_CONVERSION = YES;
				CLANG_WARN_DEPRECATED_OBJC_IMPLEMENTATIONS = YES;
				CLANG_WARN_DIRECT_OBJC_ISA_USAGE = YES_ERROR;
				CLANG_WARN_DOCUMENTATION_COMMENTS = YES;
				CLANG_WARN_EMPTY_BODY = YES;
				CLANG_WARN_ENUM_CONVERSION = YES;
				CLANG_WARN_INFINITE_RECURSION = YES;
				CLANG_WARN_INT_CONVERSION = YES;
				CLANG_WARN_NON_LITERAL_NULL_CONVERSION = YES;
				CLANG_WARN_OBJC_IMPLICIT_RETAIN_SELF = YES;
				CLANG_WARN_OBJC_LITERAL_CONVERSION = YES;
				CLANG_WARN_OBJC_ROOT_CLASS = YES_ERROR;
				CLANG_WARN_RANGE_LOOP_ANALYSIS = YES;
				CLANG_WARN_STRICT_PROTOTYPES = YES;
				CLANG_WARN_SUSPICIOUS_MOVE = YES;
				CLANG_WARN_UNGUARDED_AVAILABILITY = YES_AGGRESSIVE;
				CLANG_WARN_UNREACHABLE_CODE = YES;
				CLANG_WARN__DUPLICATE_METHOD_MATCH = YES;
				CODE_SIGN_IDENTITY = "iPhone Developer";
				COPY_PHASE_STRIP = NO;
				DEBUG_INFORMATION_FORMAT = dwarf;
				ENABLE_STRICT_OBJC_MSGSEND = YES;
				ENABLE_TESTABILITY = YES;
				GCC_C_LANGUAGE_STANDARD = gnu11;
				GCC_DYNAMIC_NO_PIC = NO;
				GCC_NO_COMMON_BLOCKS = YES;
				GCC_OPTIMIZATION_LEVEL = 0;
				GCC_PREPROCESSOR_DEFINITIONS = (
					"DEBUG=1",
					"$(inherited)",
				);
				GCC_WARN_64_TO_32_BIT_CONVERSION = YES;
				GCC_WARN_ABOUT_RETURN_TYPE = YES_ERROR;
				GCC_WARN_UNDECLARED_SELECTOR = YES;
				GCC_WARN_UNINITIALIZED_AUTOS = YES_AGGRESSIVE;
				GCC_WARN_UNUSED_FUNCTION = YES;
				GCC_WARN_UNUSED_VARIABLE = YES;
				IPHONEOS_DEPLOYMENT_TARGET = 11.0;
				MTL_ENABLE_DEBUG_INFO = YES;
				ONLY_ACTIVE_ARCH = YES;
				SDKROOT = iphoneos;
				SWIFT_ACTIVE_COMPILATION_CONDITIONS = DEBUG;
				SWIFT_OPTIMIZATION_LEVEL = "-Onone";
			};
			name = Debug;
		};
		82F76BD11F2D69BF0076EB2D /* Release */ = {
			isa = XCBuildConfiguration;
			buildSettings = {
				ALWAYS_SEARCH_USER_PATHS = NO;
				CLANG_ANALYZER_NONNULL = YES;
				CLANG_ANALYZER_NUMBER_OBJECT_CONVERSION = YES_AGGRESSIVE;
				CLANG_CXX_LANGUAGE_STANDARD = "gnu++14";
				CLANG_CXX_LIBRARY = "libc++";
				CLANG_ENABLE_MODULES = YES;
				CLANG_ENABLE_OBJC_ARC = YES;
				CLANG_WARN_BLOCK_CAPTURE_AUTORELEASING = YES;
				CLANG_WARN_BOOL_CONVERSION = YES;
				CLANG_WARN_COMMA = YES;
				CLANG_WARN_CONSTANT_CONVERSION = YES;
				CLANG_WARN_DEPRECATED_OBJC_IMPLEMENTATIONS = YES;
				CLANG_WARN_DIRECT_OBJC_ISA_USAGE = YES_ERROR;
				CLANG_WARN_DOCUMENTATION_COMMENTS = YES;
				CLANG_WARN_EMPTY_BODY = YES;
				CLANG_WARN_ENUM_CONVERSION = YES;
				CLANG_WARN_INFINITE_RECURSION = YES;
				CLANG_WARN_INT_CONVERSION = YES;
				CLANG_WARN_NON_LITERAL_NULL_CONVERSION = YES;
				CLANG_WARN_OBJC_IMPLICIT_RETAIN_SELF = YES;
				CLANG_WARN_OBJC_LITERAL_CONVERSION = YES;
				CLANG_WARN_OBJC_ROOT_CLASS = YES_ERROR;
				CLANG_WARN_RANGE_LOOP_ANALYSIS = YES;
				CLANG_WARN_STRICT_PROTOTYPES = YES;
				CLANG_WARN_SUSPICIOUS_MOVE = YES;
				CLANG_WARN_UNGUARDED_AVAILABILITY = YES_AGGRESSIVE;
				CLANG_WARN_UNREACHABLE_CODE = YES;
				CLANG_WARN__DUPLICATE_METHOD_MATCH = YES;
				CODE_SIGN_IDENTITY = "iPhone Developer";
				COPY_PHASE_STRIP = NO;
				DEBUG_INFORMATION_FORMAT = "dwarf-with-dsym";
				ENABLE_NS_ASSERTIONS = NO;
				ENABLE_STRICT_OBJC_MSGSEND = YES;
				GCC_C_LANGUAGE_STANDARD = gnu11;
				GCC_NO_COMMON_BLOCKS = YES;
				GCC_WARN_64_TO_32_BIT_CONVERSION = YES;
				GCC_WARN_ABOUT_RETURN_TYPE = YES_ERROR;
				GCC_WARN_UNDECLARED_SELECTOR = YES;
				GCC_WARN_UNINITIALIZED_AUTOS = YES_AGGRESSIVE;
				GCC_WARN_UNUSED_FUNCTION = YES;
				GCC_WARN_UNUSED_VARIABLE = YES;
				IPHONEOS_DEPLOYMENT_TARGET = 11.0;
				MTL_ENABLE_DEBUG_INFO = NO;
				SDKROOT = iphoneos;
				SWIFT_OPTIMIZATION_LEVEL = "-Owholemodule";
				VALIDATE_PRODUCT = YES;
			};
			name = Release;
		};
		82F76BD31F2D69BF0076EB2D /* Debug */ = {
			isa = XCBuildConfiguration;
			baseConfigurationReference = 911934E477DBC210525CAEB5 /* Pods-FireGram.debug.xcconfig */;
			buildSettings = {
				ASSETCATALOG_COMPILER_APPICON_NAME = AppIcon;
				DEVELOPMENT_TEAM = UP5S927B5L;
				INFOPLIST_FILE = "$(SRCROOT)/FireGram/Supporting Files/Info.plist";
				LD_RUNPATH_SEARCH_PATHS = "$(inherited) @executable_path/Frameworks";
				PRODUCT_BUNDLE_IDENTIFIER = com.MichaelD.FireGram;
				PRODUCT_NAME = "$(TARGET_NAME)";
				SWIFT_VERSION = 4.0;
				TARGETED_DEVICE_FAMILY = "1,2";
			};
			name = Debug;
		};
		82F76BD41F2D69BF0076EB2D /* Release */ = {
			isa = XCBuildConfiguration;
			baseConfigurationReference = 0847FC11EC53F47D5EF2B8DD /* Pods-FireGram.release.xcconfig */;
			buildSettings = {
				ASSETCATALOG_COMPILER_APPICON_NAME = AppIcon;
				DEVELOPMENT_TEAM = UP5S927B5L;
				INFOPLIST_FILE = "$(SRCROOT)/FireGram/Supporting Files/Info.plist";
				LD_RUNPATH_SEARCH_PATHS = "$(inherited) @executable_path/Frameworks";
				PRODUCT_BUNDLE_IDENTIFIER = com.MichaelD.FireGram;
				PRODUCT_NAME = "$(TARGET_NAME)";
				SWIFT_VERSION = 4.0;
				TARGETED_DEVICE_FAMILY = "1,2";
			};
			name = Release;
		};
/* End XCBuildConfiguration section */

/* Begin XCConfigurationList section */
		82F76BBB1F2D69BF0076EB2D /* Build configuration list for PBXProject "FireGram" */ = {
			isa = XCConfigurationList;
			buildConfigurations = (
				82F76BD01F2D69BF0076EB2D /* Debug */,
				82F76BD11F2D69BF0076EB2D /* Release */,
			);
			defaultConfigurationIsVisible = 0;
			defaultConfigurationName = Release;
		};
		82F76BD21F2D69BF0076EB2D /* Build configuration list for PBXNativeTarget "FireGram" */ = {
			isa = XCConfigurationList;
			buildConfigurations = (
				82F76BD31F2D69BF0076EB2D /* Debug */,
				82F76BD41F2D69BF0076EB2D /* Release */,
			);
			defaultConfigurationIsVisible = 0;
			defaultConfigurationName = Release;
		};
/* End XCConfigurationList section */
	};
	rootObject = 82F76BB81F2D69BF0076EB2D /* Project object */;
}
